
Microsoft Visual Studio Solution File, Format Version 12.00
# Visual Studio Version 17
VisualStudioVersion = 17.4.33213.308
MinimumVisualStudioVersion = 10.0.40219.1
Project("{FAE04EC0-301F-11D3-BF4B-00C04F79EFBC}") = "ConsoleAppPrincipal", "ConsoleAppPrincipal\ConsoleAppPrincipal.csproj", "{8744C1CF-CDF4-4367-BA65-688861ACA278}"
EndProject
Project("{FAE04EC0-301F-11D3-BF4B-00C04F79EFBC}") = "Models", "Models\Models.csproj", "{A7CB7BEA-948F-40B8-B628-6D68B0F3BA90}"
EndProject
Global
	GlobalSection(SolutionConfigurationPlatforms) = preSolution
		Debug|Any CPU = Debug|Any CPU
		Release|Any CPU = Release|Any CPU
	EndGlobalSection
	GlobalSection(ProjectConfigurationPlatforms) = postSolution
		{8744C1CF-CDF4-4367-BA65-688861ACA278}.Debug|Any CPU.ActiveCfg = Debug|Any CPU
		{8744C1CF-CDF4-4367-BA65-688861ACA278}.Debug|Any CPU.Build.0 = Debug|Any CPU
		{8744C1CF-CDF4-4367-BA65-688861ACA278}.Release|Any CPU.ActiveCfg = Release|Any CPU
		{8744C1CF-CDF4-4367-BA65-688861ACA278}.Release|Any CPU.Build.0 = Release|Any CPU
		{A7CB7BEA-948F-40B8-B628-6D68B0F3BA90}.Debug|Any CPU.ActiveCfg = Debug|Any CPU
		{A7CB7BEA-948F-40B8-B628-6D68B0F3BA90}.Debug|Any CPU.Build.0 = Debug|Any CPU
		{A7CB7BEA-948F-40B8-B628-6D68B0F3BA90}.Release|Any CPU.ActiveCfg = Release|Any CPU
		{A7CB7BEA-948F-40B8-B628-6D68B0F3BA90}.Release|Any CPU.Build.0 = Release|Any CPU
	EndGlobalSection
	GlobalSection(SolutionProperties) = preSolution
		HideSolutionNode = FALSE
	EndGlobalSection
	GlobalSection(ExtensibilityGlobals) = postSolution
		SolutionGuid = {C8D5F1FB-F677-4AF3-A240-090BE5749609}
	EndGlobalSection
EndGlobal
