
Microsoft Visual Studio Solution File, Format Version 12.00
# Visual Studio Version 17
VisualStudioVersion = 17.4.33213.308
MinimumVisualStudioVersion = 10.0.40219.1
Project("{FAE04EC0-301F-11D3-BF4B-00C04F79EFBC}") = "Praticando", "Praticando\Praticando.csproj", "{183A2FBF-9F40-4907-896E-D3C771642774}"
EndProject
Global
	GlobalSection(SolutionConfigurationPlatforms) = preSolution
		Debug|Any CPU = Debug|Any CPU
		Release|Any CPU = Release|Any CPU
	EndGlobalSection
	GlobalSection(ProjectConfigurationPlatforms) = postSolution
		{183A2FBF-9F40-4907-896E-D3C771642774}.Debug|Any CPU.ActiveCfg = Debug|Any CPU
		{183A2FBF-9F40-4907-896E-D3C771642774}.Debug|Any CPU.Build.0 = Debug|Any CPU
		{183A2FBF-9F40-4907-896E-D3C771642774}.Release|Any CPU.ActiveCfg = Release|Any CPU
		{183A2FBF-9F40-4907-896E-D3C771642774}.Release|Any CPU.Build.0 = Release|Any CPU
	EndGlobalSection
	GlobalSection(SolutionProperties) = preSolution
		HideSolutionNode = FALSE
	EndGlobalSection
	GlobalSection(ExtensibilityGlobals) = postSolution
		SolutionGuid = {499902E8-4C49-4519-B384-EF5A042D9FDF}
	EndGlobalSection
EndGlobal
